Microsoft Visual Studio Solution File, Format Version 11.00
# Visual Studio 2008

Project("{9E0B70A4-E18B-138F-CAB6-1903A8E558F6}") = "SpaceFling", "Assembly-CSharp.csproj", "{FF66107D-BDCB-08F4-CB49-62B41B1111D6}"
EndProject
Global
	GlobalSection(SolutionConfigurationPlatforms) = preSolution
		Debug|Any CPU = Debug|Any CPU
		Release|Any CPU = Release|Any CPU
	EndGlobalSection
	GlobalSection(ProjectConfigurationPlatforms) = postSolution
		{FF66107D-BDCB-08F4-CB49-62B41B1111D6}.Debug|Any CPU.ActiveCfg = Debug|Any CPU
		{FF66107D-BDCB-08F4-CB49-62B41B1111D6}.Debug|Any CPU.Build.0 = Debug|Any CPU
		{FF66107D-BDCB-08F4-CB49-62B41B1111D6}.Release|Any CPU.ActiveCfg = Release|Any CPU
		{FF66107D-BDCB-08F4-CB49-62B41B1111D6}.Release|Any CPU.Build.0 = Release|Any CPU
	EndGlobalSection
	GlobalSection(SolutionProperties) = preSolution
		HideSolutionNode = FALSE
	EndGlobalSection
	GlobalSection(MonoDevelopProperties) = preSolution
		StartupItem = Assembly-CSharp.csproj
	EndGlobalSection
EndGlobal
